// !$*UTF8*$!
{
	archiveVersion = 1;
	classes = {
	};
	objectVersion = 56;
	objects = {

/* Begin PBXBuildFile section */
		0349704F2BFEE6B800CB2E28 /* ConfirmationStopLearningComponent.swift in Sources */ = {isa = PBXBuildFile; fileRef = 0349704E2BFEE6B800CB2E28 /* ConfirmationStopLearningComponent.swift */; };
		034970512BFF54BA00CB2E28 /* NotificationHandler.swift in Sources */ = {isa = PBXBuildFile; fileRef = 034970502BFF54BA00CB2E28 /* NotificationHandler.swift */; };
		034E292E2BFB74200030D448 /* LearningTimeScreen.swift in Sources */ = {isa = PBXBuildFile; fileRef = 034E292D2BFB74200030D448 /* LearningTimeScreen.swift */; };
		034E29312BFB74290030D448 /* StepThreeOnboardingScreen.swift in Sources */ = {isa = PBXBuildFile; fileRef = 034E292F2BFB74290030D448 /* StepThreeOnboardingScreen.swift */; };
		03545AA02BFDDA5D00F731D8 /* Timer.swift in Sources */ = {isa = PBXBuildFile; fileRef = 03545A9F2BFDDA5D00F731D8 /* Timer.swift */; };
		03545AA42BFDDA7600F731D8 /* CircularProgressBar.swift in Sources */ = {isa = PBXBuildFile; fileRef = 03545AA32BFDDA7600F731D8 /* CircularProgressBar.swift */; };
		03545AA62BFDDA7F00F731D8 /* TimeFormattingHelper.swift in Sources */ = {isa = PBXBuildFile; fileRef = 03545AA52BFDDA7F00F731D8 /* TimeFormattingHelper.swift */; };
		03A1222F2BFDEFEB000BD12A /* DailyStreak.swift in Sources */ = {isa = PBXBuildFile; fileRef = 03A1222E2BFDEFEB000BD12A /* DailyStreak.swift */; };
		03A122312BFDF039000BD12A /* FinishComponent.swift in Sources */ = {isa = PBXBuildFile; fileRef = 03A122302BFDF039000BD12A /* FinishComponent.swift */; };
		03A122332BFDF05E000BD12A /* LearningHistory.swift in Sources */ = {isa = PBXBuildFile; fileRef = 03A122322BFDF05E000BD12A /* LearningHistory.swift */; };
		03B4D0662BFA299000C6643F /* TextFieldComponent.swift in Sources */ = {isa = PBXBuildFile; fileRef = 03B4D0652BFA299000C6643F /* TextFieldComponent.swift */; };
		03D85E942BFA203C00C3A248 /* MultiRangeDatePicker.swift in Sources */ = {isa = PBXBuildFile; fileRef = 03D85E932BFA203C00C3A248 /* MultiRangeDatePicker.swift */; };
		03D85E962BFA25E600C3A248 /* ComponentDate.swift in Sources */ = {isa = PBXBuildFile; fileRef = 03D85E952BFA25E600C3A248 /* ComponentDate.swift */; };
		03D85E9A2BFA27D300C3A248 /* ViewExtension.swift in Sources */ = {isa = PBXBuildFile; fileRef = 03D85E992BFA27D300C3A248 /* ViewExtension.swift */; };
		03E71A3E2BFC9F1700207B4F /* (null) in Sources */ = {isa = PBXBuildFile; };
		03E71A402BFCC90300207B4F /* (null) in Sources */ = {isa = PBXBuildFile; };
		03F8382A2BFD9288004DDDFA /* BadgeSheetView.swift in Sources */ = {isa = PBXBuildFile; fileRef = 03F838282BFD9288004DDDFA /* BadgeSheetView.swift */; };
		82B8C8372BFDCE8300214670 /* StreakScreen.swift in Sources */ = {isa = PBXBuildFile; fileRef = 82B8C8362BFDCE8300214670 /* StreakScreen.swift */; };
		D97A503A2C019F7A00851290 /* LearningOutRangeSheet.swift in Sources */ = {isa = PBXBuildFile; fileRef = D97A50392C019F7A00851290 /* LearningOutRangeSheet.swift */; };
		DAA2CC242BFC922300529B16 /* BadgeComponent.swift in Sources */ = {isa = PBXBuildFile; fileRef = DAA2CC232BFC922300529B16 /* BadgeComponent.swift */; };
		DAA2CC4A2BFD8EBC00529B16 /* BadgeData.swift in Sources */ = {isa = PBXBuildFile; fileRef = DAA2CC492BFD8EBC00529B16 /* BadgeData.swift */; };
		E704AAA72BFB741C00578B69 /* StepTwoOnboardingScreen.swift in Sources */ = {isa = PBXBuildFile; fileRef = E704AAA42BFB741C00578B69 /* StepTwoOnboardingScreen.swift */; };
		E704AAAB2BFB742E00578B69 /* ListItemComponent.swift in Sources */ = {isa = PBXBuildFile; fileRef = E704AAAA2BFB742E00578B69 /* ListItemComponent.swift */; };
		E704AAAD2BFB81B000578B69 /* AppDatePicker.swift in Sources */ = {isa = PBXBuildFile; fileRef = E704AAAC2BFB81B000578B69 /* AppDatePicker.swift */; };
		E70A32342BFB8C590014563C /* AppDurationPicker.swift in Sources */ = {isa = PBXBuildFile; fileRef = E70A32332BFB8C590014563C /* AppDurationPicker.swift */; };
		E70A32362BFB8C8C0014563C /* DurationTypeEnum.swift in Sources */ = {isa = PBXBuildFile; fileRef = E70A32352BFB8C8C0014563C /* DurationTypeEnum.swift */; };
		E70A32382BFC22780014563C /* OnboardingViewModel.swift in Sources */ = {isa = PBXBuildFile; fileRef = E70A32372BFC22780014563C /* OnboardingViewModel.swift */; };
		E70A323A2BFCF12D0014563C /* Event.swift in Sources */ = {isa = PBXBuildFile; fileRef = E70A32392BFCF12D0014563C /* Event.swift */; };
		E70A323C2BFCF1630014563C /* Weekday.swift in Sources */ = {isa = PBXBuildFile; fileRef = E70A323B2BFCF1630014563C /* Weekday.swift */; };
		E70A323E2BFCF17A0014563C /* WeekdayTypeEnum.swift in Sources */ = {isa = PBXBuildFile; fileRef = E70A323D2BFCF17A0014563C /* WeekdayTypeEnum.swift */; };
		E70A32402BFCF1A80014563C /* CollectionExtension.swift in Sources */ = {isa = PBXBuildFile; fileRef = E70A323F2BFCF1A80014563C /* CollectionExtension.swift */; };
		E70A32422BFCF1B40014563C /* DateExtension.swift in Sources */ = {isa = PBXBuildFile; fileRef = E70A32412BFCF1B40014563C /* DateExtension.swift */; };
		E70A324A2BFCFDF90014563C /* TimePickerComponent.swift in Sources */ = {isa = PBXBuildFile; fileRef = E70A32492BFCFDF90014563C /* TimePickerComponent.swift */; };
		E70A324F2BFD90410014563C /* GoalViewModel.swift in Sources */ = {isa = PBXBuildFile; fileRef = E70A324E2BFD90410014563C /* GoalViewModel.swift */; };
		E70A32512BFD90520014563C /* StaticFieldComponent.swift in Sources */ = {isa = PBXBuildFile; fileRef = E70A32502BFD90520014563C /* StaticFieldComponent.swift */; };
		E70A32552BFE13C90014563C /* LearningTimeListComponent.swift in Sources */ = {isa = PBXBuildFile; fileRef = E70A32542BFE13C90014563C /* LearningTimeListComponent.swift */; };
		E72EB2F62BF84EC300237B58 /* ThirtysApp.swift in Sources */ = {isa = PBXBuildFile; fileRef = E72EB2F52BF84EC300237B58 /* ThirtysApp.swift */; };
		E72EB2F82BF84EC300237B58 /* ContentView.swift in Sources */ = {isa = PBXBuildFile; fileRef = E72EB2F72BF84EC300237B58 /* ContentView.swift */; };
		E72EB2FA2BF84EC500237B58 /* Assets.xcassets in Resources */ = {isa = PBXBuildFile; fileRef = E72EB2F92BF84EC500237B58 /* Assets.xcassets */; };
		E72EB2FD2BF84EC500237B58 /* Preview Assets.xcassets in Resources */ = {isa = PBXBuildFile; fileRef = E72EB2FC2BF84EC500237B58 /* Preview Assets.xcassets */; };
		E72EB2FF2BF84EC500237B58 /* Persistence.swift in Sources */ = {isa = PBXBuildFile; fileRef = E72EB2FE2BF84EC500237B58 /* Persistence.swift */; };
		E72EB3022BF84EC500237B58 /* Thirtys.xcdatamodeld in Sources */ = {isa = PBXBuildFile; fileRef = E72EB3002BF84EC500237B58 /* Thirtys.xcdatamodeld */; };
		E72EB3102BF84F1700237B58 /* AppButtonComponent.swift in Sources */ = {isa = PBXBuildFile; fileRef = E72EB30F2BF84F1700237B58 /* AppButtonComponent.swift */; };
		E72EB3212BF84FBF00237B58 /* TodayScreen.swift in Sources */ = {isa = PBXBuildFile; fileRef = E72EB3202BF84FBF00237B58 /* TodayScreen.swift */; };
		E72EB3232BF84FCE00237B58 /* GetStartedScreen.swift in Sources */ = {isa = PBXBuildFile; fileRef = E72EB3222BF84FCE00237B58 /* GetStartedScreen.swift */; };
		E72EB3252BF84FF100237B58 /* StepOneOnboardingScreen.swift in Sources */ = {isa = PBXBuildFile; fileRef = E72EB3242BF84FF100237B58 /* StepOneOnboardingScreen.swift */; };
		E72EB3292BF8504100237B58 /* GoalsScreen.swift in Sources */ = {isa = PBXBuildFile; fileRef = E72EB3282BF8504100237B58 /* GoalsScreen.swift */; };
		E741256C2C007C5000812EB1 /* PlanService.swift in Sources */ = {isa = PBXBuildFile; fileRef = E741256B2C007C5000812EB1 /* PlanService.swift */; };
		E741256E2C00804D00812EB1 /* UserPreferenceService.swift in Sources */ = {isa = PBXBuildFile; fileRef = E741256D2C00804D00812EB1 /* UserPreferenceService.swift */; };
		E74125702C00BEAD00812EB1 /* StreakService.swift in Sources */ = {isa = PBXBuildFile; fileRef = E741256F2C00BEAD00812EB1 /* StreakService.swift */; };
		E7605E022C01C38F00CD5153 /* DailyStreakViewModel.swift in Sources */ = {isa = PBXBuildFile; fileRef = E7605E012C01C38F00CD5153 /* DailyStreakViewModel.swift */; };
		E790B4892C00EB6600F22321 /* SplashScreen.swift in Sources */ = {isa = PBXBuildFile; fileRef = E790B4882C00EB6600F22321 /* SplashScreen.swift */; };
		E7C2C4B92BFF0A0100CAF782 /* (null) in Sources */ = {isa = PBXBuildFile; };
		E7C2C4BB2BFF0A3E00CAF782 /* (null) in Sources */ = {isa = PBXBuildFile; };
		E7C2C4BD2BFF116800CAF782 /* TabViewComponent.swift in Sources */ = {isa = PBXBuildFile; fileRef = E7C2C4BC2BFF116800CAF782 /* TabViewComponent.swift */; };
		E7C2C4BF2BFF1C6700CAF782 /* TodayViewModel.swift in Sources */ = {isa = PBXBuildFile; fileRef = E7C2C4BE2BFF1C6700CAF782 /* TodayViewModel.swift */; };
/* End PBXBuildFile section */

/* Begin PBXFileReference section */
		0349704E2BFEE6B800CB2E28 /* ConfirmationStopLearningComponent.swift */ = {isa = PBXFileReference; lastKnownFileType = sourcecode.swift; path = ConfirmationStopLearningComponent.swift; sourceTree = "<group>"; };
		034970502BFF54BA00CB2E28 /* NotificationHandler.swift */ = {isa = PBXFileReference; lastKnownFileType = sourcecode.swift; path = NotificationHandler.swift; sourceTree = "<group>"; };
		034E292D2BFB74200030D448 /* LearningTimeScreen.swift */ = {isa = PBXFileReference; fileEncoding = 4; lastKnownFileType = sourcecode.swift; path = LearningTimeScreen.swift; sourceTree = "<group>"; };
		034E292F2BFB74290030D448 /* StepThreeOnboardingScreen.swift */ = {isa = PBXFileReference; fileEncoding = 4; lastKnownFileType = sourcecode.swift; path = StepThreeOnboardingScreen.swift; sourceTree = "<group>"; };
		03545A9F2BFDDA5D00F731D8 /* Timer.swift */ = {isa = PBXFileReference; fileEncoding = 4; lastKnownFileType = sourcecode.swift; path = Timer.swift; sourceTree = "<group>"; };
		03545AA32BFDDA7600F731D8 /* CircularProgressBar.swift */ = {isa = PBXFileReference; fileEncoding = 4; lastKnownFileType = sourcecode.swift; path = CircularProgressBar.swift; sourceTree = "<group>"; };
		03545AA52BFDDA7F00F731D8 /* TimeFormattingHelper.swift */ = {isa = PBXFileReference; fileEncoding = 4; lastKnownFileType = sourcecode.swift; path = TimeFormattingHelper.swift; sourceTree = "<group>"; };
		03A1222E2BFDEFEB000BD12A /* DailyStreak.swift */ = {isa = PBXFileReference; lastKnownFileType = sourcecode.swift; path = DailyStreak.swift; sourceTree = "<group>"; };
		03A122302BFDF039000BD12A /* FinishComponent.swift */ = {isa = PBXFileReference; lastKnownFileType = sourcecode.swift; path = FinishComponent.swift; sourceTree = "<group>"; };
		03A122322BFDF05E000BD12A /* LearningHistory.swift */ = {isa = PBXFileReference; lastKnownFileType = sourcecode.swift; path = LearningHistory.swift; sourceTree = "<group>"; };
		03B4D0652BFA299000C6643F /* TextFieldComponent.swift */ = {isa = PBXFileReference; lastKnownFileType = sourcecode.swift; path = TextFieldComponent.swift; sourceTree = "<group>"; };
		03D85E932BFA203C00C3A248 /* MultiRangeDatePicker.swift */ = {isa = PBXFileReference; lastKnownFileType = sourcecode.swift; path = MultiRangeDatePicker.swift; sourceTree = "<group>"; };
		03D85E952BFA25E600C3A248 /* ComponentDate.swift */ = {isa = PBXFileReference; lastKnownFileType = sourcecode.swift; path = ComponentDate.swift; sourceTree = "<group>"; };
		03D85E992BFA27D300C3A248 /* ViewExtension.swift */ = {isa = PBXFileReference; lastKnownFileType = sourcecode.swift; path = ViewExtension.swift; sourceTree = "<group>"; };
		03F207A22BFB760A00FF07A3 /* StaticFieldComponent.swift */ = {isa = PBXFileReference; lastKnownFileType = sourcecode.swift; path = StaticFieldComponent.swift; sourceTree = "<group>"; };
		03F838282BFD9288004DDDFA /* BadgeSheetView.swift */ = {isa = PBXFileReference; fileEncoding = 4; lastKnownFileType = sourcecode.swift; path = BadgeSheetView.swift; sourceTree = "<group>"; };
		82B8C8362BFDCE8300214670 /* StreakScreen.swift */ = {isa = PBXFileReference; lastKnownFileType = sourcecode.swift; path = StreakScreen.swift; sourceTree = "<group>"; };
		D97A50392C019F7A00851290 /* LearningOutRangeSheet.swift */ = {isa = PBXFileReference; lastKnownFileType = sourcecode.swift; path = LearningOutRangeSheet.swift; sourceTree = "<group>"; };
		DAA2CC232BFC922300529B16 /* BadgeComponent.swift */ = {isa = PBXFileReference; lastKnownFileType = sourcecode.swift; path = BadgeComponent.swift; sourceTree = "<group>"; };
		DAA2CC492BFD8EBC00529B16 /* BadgeData.swift */ = {isa = PBXFileReference; lastKnownFileType = sourcecode.swift; path = BadgeData.swift; sourceTree = "<group>"; };
		E704AAA42BFB741C00578B69 /* StepTwoOnboardingScreen.swift */ = {isa = PBXFileReference; fileEncoding = 4; lastKnownFileType = sourcecode.swift; path = StepTwoOnboardingScreen.swift; sourceTree = "<group>"; };
		E704AAAA2BFB742E00578B69 /* ListItemComponent.swift */ = {isa = PBXFileReference; fileEncoding = 4; lastKnownFileType = sourcecode.swift; path = ListItemComponent.swift; sourceTree = "<group>"; };
		E704AAAC2BFB81B000578B69 /* AppDatePicker.swift */ = {isa = PBXFileReference; lastKnownFileType = sourcecode.swift; path = AppDatePicker.swift; sourceTree = "<group>"; };
		E70A32332BFB8C590014563C /* AppDurationPicker.swift */ = {isa = PBXFileReference; lastKnownFileType = sourcecode.swift; path = AppDurationPicker.swift; sourceTree = "<group>"; };
		E70A32352BFB8C8C0014563C /* DurationTypeEnum.swift */ = {isa = PBXFileReference; lastKnownFileType = sourcecode.swift; path = DurationTypeEnum.swift; sourceTree = "<group>"; };
		E70A32372BFC22780014563C /* OnboardingViewModel.swift */ = {isa = PBXFileReference; lastKnownFileType = sourcecode.swift; path = OnboardingViewModel.swift; sourceTree = "<group>"; };
		E70A32392BFCF12D0014563C /* Event.swift */ = {isa = PBXFileReference; lastKnownFileType = sourcecode.swift; path = Event.swift; sourceTree = "<group>"; };
		E70A323B2BFCF1630014563C /* Weekday.swift */ = {isa = PBXFileReference; lastKnownFileType = sourcecode.swift; path = Weekday.swift; sourceTree = "<group>"; };
		E70A323D2BFCF17A0014563C /* WeekdayTypeEnum.swift */ = {isa = PBXFileReference; lastKnownFileType = sourcecode.swift; path = WeekdayTypeEnum.swift; sourceTree = "<group>"; };
		E70A323F2BFCF1A80014563C /* CollectionExtension.swift */ = {isa = PBXFileReference; lastKnownFileType = sourcecode.swift; path = CollectionExtension.swift; sourceTree = "<group>"; };
		E70A32412BFCF1B40014563C /* DateExtension.swift */ = {isa = PBXFileReference; lastKnownFileType = sourcecode.swift; path = DateExtension.swift; sourceTree = "<group>"; };
		E70A32492BFCFDF90014563C /* TimePickerComponent.swift */ = {isa = PBXFileReference; lastKnownFileType = sourcecode.swift; path = TimePickerComponent.swift; sourceTree = "<group>"; };
		E70A324E2BFD90410014563C /* GoalViewModel.swift */ = {isa = PBXFileReference; fileEncoding = 4; lastKnownFileType = sourcecode.swift; path = GoalViewModel.swift; sourceTree = "<group>"; };
		E70A32502BFD90520014563C /* StaticFieldComponent.swift */ = {isa = PBXFileReference; fileEncoding = 4; lastKnownFileType = sourcecode.swift; path = StaticFieldComponent.swift; sourceTree = "<group>"; };
		E70A32542BFE13C90014563C /* LearningTimeListComponent.swift */ = {isa = PBXFileReference; lastKnownFileType = sourcecode.swift; path = LearningTimeListComponent.swift; sourceTree = "<group>"; };
		E72EB2F22BF84EC300237B58 /* Thirtys.app */ = {isa = PBXFileReference; explicitFileType = wrapper.application; includeInIndex = 0; path = Thirtys.app; sourceTree = BUILT_PRODUCTS_DIR; };
		E72EB2F52BF84EC300237B58 /* ThirtysApp.swift */ = {isa = PBXFileReference; lastKnownFileType = sourcecode.swift; path = ThirtysApp.swift; sourceTree = "<group>"; };
		E72EB2F72BF84EC300237B58 /* ContentView.swift */ = {isa = PBXFileReference; lastKnownFileType = sourcecode.swift; path = ContentView.swift; sourceTree = "<group>"; };
		E72EB2F92BF84EC500237B58 /* Assets.xcassets */ = {isa = PBXFileReference; lastKnownFileType = folder.assetcatalog; path = Assets.xcassets; sourceTree = "<group>"; };
		E72EB2FC2BF84EC500237B58 /* Preview Assets.xcassets */ = {isa = PBXFileReference; lastKnownFileType = folder.assetcatalog; path = "Preview Assets.xcassets"; sourceTree = "<group>"; };
		E72EB2FE2BF84EC500237B58 /* Persistence.swift */ = {isa = PBXFileReference; lastKnownFileType = sourcecode.swift; path = Persistence.swift; sourceTree = "<group>"; };
		E72EB3012BF84EC500237B58 /* Thirtys.xcdatamodel */ = {isa = PBXFileReference; lastKnownFileType = wrapper.xcdatamodel; path = Thirtys.xcdatamodel; sourceTree = "<group>"; };
		E72EB30F2BF84F1700237B58 /* AppButtonComponent.swift */ = {isa = PBXFileReference; lastKnownFileType = sourcecode.swift; path = AppButtonComponent.swift; sourceTree = "<group>"; };
		E72EB3202BF84FBF00237B58 /* TodayScreen.swift */ = {isa = PBXFileReference; lastKnownFileType = sourcecode.swift; path = TodayScreen.swift; sourceTree = "<group>"; };
		E72EB3222BF84FCE00237B58 /* GetStartedScreen.swift */ = {isa = PBXFileReference; lastKnownFileType = sourcecode.swift; path = GetStartedScreen.swift; sourceTree = "<group>"; };
		E72EB3242BF84FF100237B58 /* StepOneOnboardingScreen.swift */ = {isa = PBXFileReference; lastKnownFileType = sourcecode.swift; path = StepOneOnboardingScreen.swift; sourceTree = "<group>"; };
		E72EB3282BF8504100237B58 /* GoalsScreen.swift */ = {isa = PBXFileReference; lastKnownFileType = sourcecode.swift; path = GoalsScreen.swift; sourceTree = "<group>"; };
		E741256B2C007C5000812EB1 /* PlanService.swift */ = {isa = PBXFileReference; lastKnownFileType = sourcecode.swift; path = PlanService.swift; sourceTree = "<group>"; };
		E741256D2C00804D00812EB1 /* UserPreferenceService.swift */ = {isa = PBXFileReference; lastKnownFileType = sourcecode.swift; path = UserPreferenceService.swift; sourceTree = "<group>"; };
		E741256F2C00BEAD00812EB1 /* StreakService.swift */ = {isa = PBXFileReference; lastKnownFileType = sourcecode.swift; path = StreakService.swift; sourceTree = "<group>"; };
		E7605E012C01C38F00CD5153 /* DailyStreakViewModel.swift */ = {isa = PBXFileReference; lastKnownFileType = sourcecode.swift; path = DailyStreakViewModel.swift; sourceTree = "<group>"; };
		E790B4882C00EB6600F22321 /* SplashScreen.swift */ = {isa = PBXFileReference; lastKnownFileType = sourcecode.swift; path = SplashScreen.swift; sourceTree = "<group>"; };
		E7C2C4BC2BFF116800CAF782 /* TabViewComponent.swift */ = {isa = PBXFileReference; fileEncoding = 4; lastKnownFileType = sourcecode.swift; path = TabViewComponent.swift; sourceTree = "<group>"; };
		E7C2C4BE2BFF1C6700CAF782 /* TodayViewModel.swift */ = {isa = PBXFileReference; lastKnownFileType = sourcecode.swift; path = TodayViewModel.swift; sourceTree = "<group>"; };
/* End PBXFileReference section */

/* Begin PBXFrameworksBuildPhase section */
		E72EB2EF2BF84EC300237B58 /* Frameworks */ = {
			isa = PBXFrameworksBuildPhase;
			buildActionMask = 2147483647;
			files = (
			);
			runOnlyForDeploymentPostprocessing = 0;
		};
/* End PBXFrameworksBuildPhase section */

/* Begin PBXGroup section */
		03545A9C2BFDDA3800F731D8 /* Recovered References */ = {
			isa = PBXGroup;
			children = (
				03F207A22BFB760A00FF07A3 /* StaticFieldComponent.swift */,
			);
			name = "Recovered References";
			sourceTree = "<group>";
		};
		D9F5FAF52BFD99C50043F428 /* Helpers */ = {
			isa = PBXGroup;
			children = (
				03545AA52BFDDA7F00F731D8 /* TimeFormattingHelper.swift */,
			);
			path = Helpers;
			sourceTree = "<group>";
		};
		E72EB2E92BF84EC300237B58 = {
			isa = PBXGroup;
			children = (
				E72EB2F42BF84EC300237B58 /* Thirtys */,
				E72EB2F32BF84EC300237B58 /* Products */,
				03545A9C2BFDDA3800F731D8 /* Recovered References */,
			);
			sourceTree = "<group>";
		};
		E72EB2F32BF84EC300237B58 /* Products */ = {
			isa = PBXGroup;
			children = (
				E72EB2F22BF84EC300237B58 /* Thirtys.app */,
			);
			name = Products;
			sourceTree = "<group>";
		};
		E72EB2F42BF84EC300237B58 /* Thirtys */ = {
			isa = PBXGroup;
			children = (
				D9F5FAF52BFD99C50043F428 /* Helpers */,
				E72EB3092BF84ED800237B58 /* Shared */,
				E72EB3082BF84ED000237B58 /* Screens */,
				E72EB2F52BF84EC300237B58 /* ThirtysApp.swift */,
				E72EB2F72BF84EC300237B58 /* ContentView.swift */,
				E72EB2F92BF84EC500237B58 /* Assets.xcassets */,
				E72EB2FE2BF84EC500237B58 /* Persistence.swift */,
				E72EB3002BF84EC500237B58 /* Thirtys.xcdatamodeld */,
				E72EB2FB2BF84EC500237B58 /* Preview Content */,
			);
			path = Thirtys;
			sourceTree = "<group>";
		};
		E72EB2FB2BF84EC500237B58 /* Preview Content */ = {
			isa = PBXGroup;
			children = (
				E72EB2FC2BF84EC500237B58 /* Preview Assets.xcassets */,
			);
			path = "Preview Content";
			sourceTree = "<group>";
		};
		E72EB3082BF84ED000237B58 /* Screens */ = {
			isa = PBXGroup;
			children = (
				E72EB3202BF84FBF00237B58 /* TodayScreen.swift */,
				E72EB3222BF84FCE00237B58 /* GetStartedScreen.swift */,
				E7C2FBF72BFB2ADC00AFE597 /* Onboarding */,
				E72EB3282BF8504100237B58 /* GoalsScreen.swift */,
				82B8C8362BFDCE8300214670 /* StreakScreen.swift */,
				E790B4882C00EB6600F22321 /* SplashScreen.swift */,
			);
			path = Screens;
			sourceTree = "<group>";
		};
		E72EB3092BF84ED800237B58 /* Shared */ = {
			isa = PBXGroup;
			children = (
				E741256A2C007C3500812EB1 /* Services */,
				E72EB3142BF84F6700237B58 /* Enums */,
				E72EB30E2BF84F0000237B58 /* Components */,
				E72EB30D2BF84EF400237B58 /* Views */,
				E72EB30C2BF84EED00237B58 /* Extensions */,
				E72EB30B2BF84EE600237B58 /* ViewModels */,
				E72EB30A2BF84EDE00237B58 /* Models */,
			);
			path = Shared;
			sourceTree = "<group>";
		};
		E72EB30A2BF84EDE00237B58 /* Models */ = {
			isa = PBXGroup;
			children = (
				03545A9F2BFDDA5D00F731D8 /* Timer.swift */,
				E70A32392BFCF12D0014563C /* Event.swift */,
				E70A323B2BFCF1630014563C /* Weekday.swift */,
				DAA2CC492BFD8EBC00529B16 /* BadgeData.swift */,
			);
			path = Models;
			sourceTree = "<group>";
		};
		E72EB30B2BF84EE600237B58 /* ViewModels */ = {
			isa = PBXGroup;
			children = (
				E70A324E2BFD90410014563C /* GoalViewModel.swift */,
				E70A32372BFC22780014563C /* OnboardingViewModel.swift */,
				E7C2C4BE2BFF1C6700CAF782 /* TodayViewModel.swift */,
				034970502BFF54BA00CB2E28 /* NotificationHandler.swift */,
				E7605E012C01C38F00CD5153 /* DailyStreakViewModel.swift */,
			);
			path = ViewModels;
			sourceTree = "<group>";
		};
		E72EB30C2BF84EED00237B58 /* Extensions */ = {
			isa = PBXGroup;
			children = (
				03D85E992BFA27D300C3A248 /* ViewExtension.swift */,
				E70A323F2BFCF1A80014563C /* CollectionExtension.swift */,
				E70A32412BFCF1B40014563C /* DateExtension.swift */,
			);
			path = Extensions;
			sourceTree = "<group>";
		};
		E72EB30D2BF84EF400237B58 /* Views */ = {
			isa = PBXGroup;
			children = (
				03F838282BFD9288004DDDFA /* BadgeSheetView.swift */,
				03A1222E2BFDEFEB000BD12A /* DailyStreak.swift */,
				03A122302BFDF039000BD12A /* FinishComponent.swift */,
				03A122322BFDF05E000BD12A /* LearningHistory.swift */,
			);
			path = Views;
			sourceTree = "<group>";
		};
		E72EB30E2BF84F0000237B58 /* Components */ = {
			isa = PBXGroup;
			children = (
				E7C2C4BC2BFF116800CAF782 /* TabViewComponent.swift */,
				03545AA32BFDDA7600F731D8 /* CircularProgressBar.swift */,
				E70A32502BFD90520014563C /* StaticFieldComponent.swift */,
				E704AAAA2BFB742E00578B69 /* ListItemComponent.swift */,
				E72EB30F2BF84F1700237B58 /* AppButtonComponent.swift */,
				03D85E932BFA203C00C3A248 /* MultiRangeDatePicker.swift */,
				03D85E952BFA25E600C3A248 /* ComponentDate.swift */,
				03B4D0652BFA299000C6643F /* TextFieldComponent.swift */,
				E704AAAC2BFB81B000578B69 /* AppDatePicker.swift */,
				E70A32332BFB8C590014563C /* AppDurationPicker.swift */,
				E70A32492BFCFDF90014563C /* TimePickerComponent.swift */,
				DAA2CC232BFC922300529B16 /* BadgeComponent.swift */,
				0349704E2BFEE6B800CB2E28 /* ConfirmationStopLearningComponent.swift */,
				E70A32542BFE13C90014563C /* LearningTimeListComponent.swift */,
				D97A50392C019F7A00851290 /* LearningOutRangeSheet.swift */,
			);
			path = Components;
			sourceTree = "<group>";
		};
		E72EB3142BF84F6700237B58 /* Enums */ = {
			isa = PBXGroup;
			children = (
				E70A32352BFB8C8C0014563C /* DurationTypeEnum.swift */,
				E70A323D2BFCF17A0014563C /* WeekdayTypeEnum.swift */,
			);
			path = Enums;
			sourceTree = "<group>";
		};
		E741256A2C007C3500812EB1 /* Services */ = {
			isa = PBXGroup;
			children = (
				E741256B2C007C5000812EB1 /* PlanService.swift */,
				E741256D2C00804D00812EB1 /* UserPreferenceService.swift */,
				E741256F2C00BEAD00812EB1 /* StreakService.swift */,
			);
			path = Services;
			sourceTree = "<group>";
		};
		E7C2FBF72BFB2ADC00AFE597 /* Onboarding */ = {
			isa = PBXGroup;
			children = (
				E704AAA42BFB741C00578B69 /* StepTwoOnboardingScreen.swift */,
				034E292F2BFB74290030D448 /* StepThreeOnboardingScreen.swift */,
				034E292D2BFB74200030D448 /* LearningTimeScreen.swift */,
				E72EB3242BF84FF100237B58 /* StepOneOnboardingScreen.swift */,
			);
			path = Onboarding;
			sourceTree = "<group>";
		};
/* End PBXGroup section */

/* Begin PBXNativeTarget section */
		E72EB2F12BF84EC300237B58 /* Thirtys */ = {
			isa = PBXNativeTarget;
			buildConfigurationList = E72EB3052BF84EC500237B58 /* Build configuration list for PBXNativeTarget "Thirtys" */;
			buildPhases = (
				E72EB2EE2BF84EC300237B58 /* Sources */,
				E72EB2EF2BF84EC300237B58 /* Frameworks */,
				E72EB2F02BF84EC300237B58 /* Resources */,
			);
			buildRules = (
			);
			dependencies = (
			);
			name = Thirtys;
			productName = Thirtys;
			productReference = E72EB2F22BF84EC300237B58 /* Thirtys.app */;
			productType = "com.apple.product-type.application";
		};
/* End PBXNativeTarget section */

/* Begin PBXProject section */
		E72EB2EA2BF84EC300237B58 /* Project object */ = {
			isa = PBXProject;
			attributes = {
				BuildIndependentTargetsInParallel = 1;
				LastSwiftUpdateCheck = 1520;
				LastUpgradeCheck = 1540;
				TargetAttributes = {
					E72EB2F12BF84EC300237B58 = {
						CreatedOnToolsVersion = 15.2;
					};
				};
			};
			buildConfigurationList = E72EB2ED2BF84EC300237B58 /* Build configuration list for PBXProject "Thirtys" */;
			compatibilityVersion = "Xcode 14.0";
			developmentRegion = en;
			hasScannedForEncodings = 0;
			knownRegions = (
				en,
				Base,
			);
			mainGroup = E72EB2E92BF84EC300237B58;
			productRefGroup = E72EB2F32BF84EC300237B58 /* Products */;
			projectDirPath = "";
			projectRoot = "";
			targets = (
				E72EB2F12BF84EC300237B58 /* Thirtys */,
			);
		};
/* End PBXProject section */

/* Begin PBXResourcesBuildPhase section */
		E72EB2F02BF84EC300237B58 /* Resources */ = {
			isa = PBXResourcesBuildPhase;
			buildActionMask = 2147483647;
			files = (
				E72EB2FD2BF84EC500237B58 /* Preview Assets.xcassets in Resources */,
				E72EB2FA2BF84EC500237B58 /* Assets.xcassets in Resources */,
			);
			runOnlyForDeploymentPostprocessing = 0;
		};
/* End PBXResourcesBuildPhase section */

/* Begin PBXSourcesBuildPhase section */
		E72EB2EE2BF84EC300237B58 /* Sources */ = {
			isa = PBXSourcesBuildPhase;
			buildActionMask = 2147483647;
			files = (
				E72EB2FF2BF84EC500237B58 /* Persistence.swift in Sources */,
				E70A323C2BFCF1630014563C /* Weekday.swift in Sources */,
				03545AA02BFDDA5D00F731D8 /* Timer.swift in Sources */,
				0349704F2BFEE6B800CB2E28 /* ConfirmationStopLearningComponent.swift in Sources */,
				034E29312BFB74290030D448 /* StepThreeOnboardingScreen.swift in Sources */,
				E7C2C4BD2BFF116800CAF782 /* TabViewComponent.swift in Sources */,
				E704AAAD2BFB81B000578B69 /* AppDatePicker.swift in Sources */,
				DAA2CC4A2BFD8EBC00529B16 /* BadgeData.swift in Sources */,
				E72EB3292BF8504100237B58 /* GoalsScreen.swift in Sources */,
				E70A32552BFE13C90014563C /* LearningTimeListComponent.swift in Sources */,
				03D85E9A2BFA27D300C3A248 /* ViewExtension.swift in Sources */,
				E741256C2C007C5000812EB1 /* PlanService.swift in Sources */,
				03A122312BFDF039000BD12A /* FinishComponent.swift in Sources */,
				03545AA42BFDDA7600F731D8 /* CircularProgressBar.swift in Sources */,
				E70A32512BFD90520014563C /* StaticFieldComponent.swift in Sources */,
				E7C2C4BF2BFF1C6700CAF782 /* TodayViewModel.swift in Sources */,
				03A122332BFDF05E000BD12A /* LearningHistory.swift in Sources */,
				03B4D0662BFA299000C6643F /* TextFieldComponent.swift in Sources */,
				E72EB3102BF84F1700237B58 /* AppButtonComponent.swift in Sources */,
				E72EB2F82BF84EC300237B58 /* ContentView.swift in Sources */,
				E704AAAB2BFB742E00578B69 /* ListItemComponent.swift in Sources */,
				03E71A3E2BFC9F1700207B4F /* (null) in Sources */,
				03F8382A2BFD9288004DDDFA /* BadgeSheetView.swift in Sources */,
				D97A503A2C019F7A00851290 /* LearningOutRangeSheet.swift in Sources */,
				03F8382A2BFD9288004DDDFA /* BadgeSheetView.swift in Sources */,
				E70A32362BFB8C8C0014563C /* DurationTypeEnum.swift in Sources */,
				034970512BFF54BA00CB2E28 /* NotificationHandler.swift in Sources */,
				E72EB3232BF84FCE00237B58 /* GetStartedScreen.swift in Sources */,
				03545AA62BFDDA7F00F731D8 /* TimeFormattingHelper.swift in Sources */,
				E7605E022C01C38F00CD5153 /* DailyStreakViewModel.swift in Sources */,
				82B8C8372BFDCE8300214670 /* StreakScreen.swift in Sources */,
				03D85E962BFA25E600C3A248 /* ComponentDate.swift in Sources */,
				E70A323A2BFCF12D0014563C /* Event.swift in Sources */,
				E72EB2F62BF84EC300237B58 /* ThirtysApp.swift in Sources */,
				03E71A402BFCC90300207B4F /* (null) in Sources */,
				E741256E2C00804D00812EB1 /* UserPreferenceService.swift in Sources */,
				E70A32382BFC22780014563C /* OnboardingViewModel.swift in Sources */,
				E70A32402BFCF1A80014563C /* CollectionExtension.swift in Sources */,
				E790B4892C00EB6600F22321 /* SplashScreen.swift in Sources */,
				E72EB3212BF84FBF00237B58 /* TodayScreen.swift in Sources */,
				03A1222F2BFDEFEB000BD12A /* DailyStreak.swift in Sources */,
				E72EB3252BF84FF100237B58 /* StepOneOnboardingScreen.swift in Sources */,
				E70A324F2BFD90410014563C /* GoalViewModel.swift in Sources */,
				E7C2C4B92BFF0A0100CAF782 /* (null) in Sources */,
				03D85E942BFA203C00C3A248 /* MultiRangeDatePicker.swift in Sources */,
				E70A323E2BFCF17A0014563C /* WeekdayTypeEnum.swift in Sources */,
				E70A32422BFCF1B40014563C /* DateExtension.swift in Sources */,
				034E292E2BFB74200030D448 /* LearningTimeScreen.swift in Sources */,
				E7C2C4BB2BFF0A3E00CAF782 /* (null) in Sources */,
				E74125702C00BEAD00812EB1 /* StreakService.swift in Sources */,
				E72EB3022BF84EC500237B58 /* Thirtys.xcdatamodeld in Sources */,
				E70A324A2BFCFDF90014563C /* TimePickerComponent.swift in Sources */,
				E70A32342BFB8C590014563C /* AppDurationPicker.swift in Sources */,
				E704AAA72BFB741C00578B69 /* StepTwoOnboardingScreen.swift in Sources */,
				DAA2CC242BFC922300529B16 /* BadgeComponent.swift in Sources */,
			);
			runOnlyForDeploymentPostprocessing = 0;
		};
/* End PBXSourcesBuildPhase section */

/* Begin XCBuildConfiguration section */
		E72EB3032BF84EC500237B58 /* Debug */ = {
			isa = XCBuildConfiguration;
			buildSettings = {
				ALWAYS_SEARCH_USER_PATHS = NO;
				ASSETCATALOG_COMPILER_GENERATE_SWIFT_ASSET_SYMBOL_EXTENSIONS = YES;
				CLANG_ANALYZER_NONNULL = YES;
				CLANG_ANALYZER_NUMBER_OBJECT_CONVERSION = YES_AGGRESSIVE;
				CLANG_CXX_LANGUAGE_STANDARD = "gnu++20";
				CLANG_ENABLE_MODULES = YES;
				CLANG_ENABLE_OBJC_ARC = YES;
				CLANG_ENABLE_OBJC_WEAK = YES;
				CLANG_WARN_BLOCK_CAPTURE_AUTORELEASING = YES;
				CLANG_WARN_BOOL_CONVERSION = YES;
				CLANG_WARN_COMMA = YES;
				CLANG_WARN_CONSTANT_CONVERSION = YES;
				CLANG_WARN_DEPRECATED_OBJC_IMPLEMENTATIONS = YES;
				CLANG_WARN_DIRECT_OBJC_ISA_USAGE = YES_ERROR;
				CLANG_WARN_DOCUMENTATION_COMMENTS = YES;
				CLANG_WARN_EMPTY_BODY = YES;
				CLANG_WARN_ENUM_CONVERSION = YES;
				CLANG_WARN_INFINITE_RECURSION = YES;
				CLANG_WARN_INT_CONVERSION = YES;
				CLANG_WARN_NON_LITERAL_NULL_CONVERSION = YES;
				CLANG_WARN_OBJC_IMPLICIT_RETAIN_SELF = YES;
				CLANG_WARN_OBJC_LITERAL_CONVERSION = YES;
				CLANG_WARN_OBJC_ROOT_CLASS = YES_ERROR;
				CLANG_WARN_QUOTED_INCLUDE_IN_FRAMEWORK_HEADER = YES;
				CLANG_WARN_RANGE_LOOP_ANALYSIS = YES;
				CLANG_WARN_STRICT_PROTOTYPES = YES;
				CLANG_WARN_SUSPICIOUS_MOVE = YES;
				CLANG_WARN_UNGUARDED_AVAILABILITY = YES_AGGRESSIVE;
				CLANG_WARN_UNREACHABLE_CODE = YES;
				CLANG_WARN__DUPLICATE_METHOD_MATCH = YES;
				COPY_PHASE_STRIP = NO;
				DEBUG_INFORMATION_FORMAT = dwarf;
				ENABLE_STRICT_OBJC_MSGSEND = YES;
				ENABLE_TESTABILITY = YES;
				ENABLE_USER_SCRIPT_SANDBOXING = YES;
				GCC_C_LANGUAGE_STANDARD = gnu17;
				GCC_DYNAMIC_NO_PIC = NO;
				GCC_NO_COMMON_BLOCKS = YES;
				GCC_OPTIMIZATION_LEVEL = 0;
				GCC_PREPROCESSOR_DEFINITIONS = (
					"DEBUG=1",
					"$(inherited)",
				);
				GCC_WARN_64_TO_32_BIT_CONVERSION = YES;
				GCC_WARN_ABOUT_RETURN_TYPE = YES_ERROR;
				GCC_WARN_UNDECLARED_SELECTOR = YES;
				GCC_WARN_UNINITIALIZED_AUTOS = YES_AGGRESSIVE;
				GCC_WARN_UNUSED_FUNCTION = YES;
				GCC_WARN_UNUSED_VARIABLE = YES;
				IPHONEOS_DEPLOYMENT_TARGET = 17.2;
				LOCALIZATION_PREFERS_STRING_CATALOGS = YES;
				MTL_ENABLE_DEBUG_INFO = INCLUDE_SOURCE;
				MTL_FAST_MATH = YES;
				ONLY_ACTIVE_ARCH = YES;
				SDKROOT = iphoneos;
				SWIFT_ACTIVE_COMPILATION_CONDITIONS = "DEBUG $(inherited)";
				SWIFT_OPTIMIZATION_LEVEL = "-Onone";
			};
			name = Debug;
		};
		E72EB3042BF84EC500237B58 /* Release */ = {
			isa = XCBuildConfiguration;
			buildSettings = {
				ALWAYS_SEARCH_USER_PATHS = NO;
				ASSETCATALOG_COMPILER_GENERATE_SWIFT_ASSET_SYMBOL_EXTENSIONS = YES;
				CLANG_ANALYZER_NONNULL = YES;
				CLANG_ANALYZER_NUMBER_OBJECT_CONVERSION = YES_AGGRESSIVE;
				CLANG_CXX_LANGUAGE_STANDARD = "gnu++20";
				CLANG_ENABLE_MODULES = YES;
				CLANG_ENABLE_OBJC_ARC = YES;
				CLANG_ENABLE_OBJC_WEAK = YES;
				CLANG_WARN_BLOCK_CAPTURE_AUTORELEASING = YES;
				CLANG_WARN_BOOL_CONVERSION = YES;
				CLANG_WARN_COMMA = YES;
				CLANG_WARN_CONSTANT_CONVERSION = YES;
				CLANG_WARN_DEPRECATED_OBJC_IMPLEMENTATIONS = YES;
				CLANG_WARN_DIRECT_OBJC_ISA_USAGE = YES_ERROR;
				CLANG_WARN_DOCUMENTATION_COMMENTS = YES;
				CLANG_WARN_EMPTY_BODY = YES;
				CLANG_WARN_ENUM_CONVERSION = YES;
				CLANG_WARN_INFINITE_RECURSION = YES;
				CLANG_WARN_INT_CONVERSION = YES;
				CLANG_WARN_NON_LITERAL_NULL_CONVERSION = YES;
				CLANG_WARN_OBJC_IMPLICIT_RETAIN_SELF = YES;
				CLANG_WARN_OBJC_LITERAL_CONVERSION = YES;
				CLANG_WARN_OBJC_ROOT_CLASS = YES_ERROR;
				CLANG_WARN_QUOTED_INCLUDE_IN_FRAMEWORK_HEADER = YES;
				CLANG_WARN_RANGE_LOOP_ANALYSIS = YES;
				CLANG_WARN_STRICT_PROTOTYPES = YES;
				CLANG_WARN_SUSPICIOUS_MOVE = YES;
				CLANG_WARN_UNGUARDED_AVAILABILITY = YES_AGGRESSIVE;
				CLANG_WARN_UNREACHABLE_CODE = YES;
				CLANG_WARN__DUPLICATE_METHOD_MATCH = YES;
				COPY_PHASE_STRIP = NO;
				DEBUG_INFORMATION_FORMAT = "dwarf-with-dsym";
				ENABLE_NS_ASSERTIONS = NO;
				ENABLE_STRICT_OBJC_MSGSEND = YES;
				ENABLE_USER_SCRIPT_SANDBOXING = YES;
				GCC_C_LANGUAGE_STANDARD = gnu17;
				GCC_NO_COMMON_BLOCKS = YES;
				GCC_WARN_64_TO_32_BIT_CONVERSION = YES;
				GCC_WARN_ABOUT_RETURN_TYPE = YES_ERROR;
				GCC_WARN_UNDECLARED_SELECTOR = YES;
				GCC_WARN_UNINITIALIZED_AUTOS = YES_AGGRESSIVE;
				GCC_WARN_UNUSED_FUNCTION = YES;
				GCC_WARN_UNUSED_VARIABLE = YES;
				IPHONEOS_DEPLOYMENT_TARGET = 17.2;
				LOCALIZATION_PREFERS_STRING_CATALOGS = YES;
				MTL_ENABLE_DEBUG_INFO = NO;
				MTL_FAST_MATH = YES;
				SDKROOT = iphoneos;
				SWIFT_COMPILATION_MODE = wholemodule;
				VALIDATE_PRODUCT = YES;
			};
			name = Release;
		};
		E72EB3062BF84EC500237B58 /* Debug */ = {
			isa = XCBuildConfiguration;
			buildSettings = {
				ASSETCATALOG_COMPILER_APPICON_NAME = AppIcon;
				ASSETCATALOG_COMPILER_GLOBAL_ACCENT_COLOR_NAME = AccentColor;
				CODE_SIGN_STYLE = Automatic;
				CURRENT_PROJECT_VERSION = 1;
				DEVELOPMENT_ASSET_PATHS = "\"Thirtys/Preview Content\"";
				DEVELOPMENT_TEAM = 57BYB3NG56;
				ENABLE_PREVIEWS = YES;
				GENERATE_INFOPLIST_FILE = YES;
				INFOPLIST_KEY_CFBundleDisplayName = "Thirty's";
				INFOPLIST_KEY_LSApplicationCategoryType = "public.app-category.productivity";
				INFOPLIST_KEY_UIApplicationSceneManifest_Generation = YES;
				INFOPLIST_KEY_UIApplicationSupportsIndirectInputEvents = YES;
				INFOPLIST_KEY_UILaunchScreen_Generation = YES;
				INFOPLIST_KEY_UISupportedInterfaceOrientations = UIInterfaceOrientationPortrait;
				LD_RUNPATH_SEARCH_PATHS = (
					"$(inherited)",
					"@executable_path/Frameworks",
				);
				MARKETING_VERSION = 0.1.0;
				PRODUCT_BUNDLE_IDENTIFIER = "com.tamanmini.Thirtys-mc1";
				PRODUCT_NAME = "$(TARGET_NAME)";
				SUPPORTED_PLATFORMS = "iphoneos iphonesimulator";
				SUPPORTS_MACCATALYST = NO;
				SUPPORTS_MAC_DESIGNED_FOR_IPHONE_IPAD = NO;
				SUPPORTS_XR_DESIGNED_FOR_IPHONE_IPAD = NO;
				SWIFT_EMIT_LOC_STRINGS = YES;
				SWIFT_VERSION = 5.0;
				TARGETED_DEVICE_FAMILY = 1;
			};
			name = Debug;
		};
		E72EB3072BF84EC500237B58 /* Release */ = {
			isa = XCBuildConfiguration;
			buildSettings = {
				ASSETCATALOG_COMPILER_APPICON_NAME = AppIcon;
				ASSETCATALOG_COMPILER_GLOBAL_ACCENT_COLOR_NAME = AccentColor;
				CODE_SIGN_STYLE = Automatic;
				CURRENT_PROJECT_VERSION = 1;
				DEVELOPMENT_ASSET_PATHS = "\"Thirtys/Preview Content\"";
				DEVELOPMENT_TEAM = 57BYB3NG56;
				ENABLE_PREVIEWS = YES;
				GENERATE_INFOPLIST_FILE = YES;
				INFOPLIST_KEY_CFBundleDisplayName = "Thirty's";
				INFOPLIST_KEY_LSApplicationCategoryType = "public.app-category.productivity";
				INFOPLIST_KEY_UIApplicationSceneManifest_Generation = YES;
				INFOPLIST_KEY_UIApplicationSupportsIndirectInputEvents = YES;
				INFOPLIST_KEY_UILaunchScreen_Generation = YES;
				INFOPLIST_KEY_UISupportedInterfaceOrientations = UIInterfaceOrientationPortrait;
				LD_RUNPATH_SEARCH_PATHS = (
					"$(inherited)",
					"@executable_path/Frameworks",
				);
				MARKETING_VERSION = 0.1.0;
				PRODUCT_BUNDLE_IDENTIFIER = "com.tamanmini.Thirtys-mc1";
				PRODUCT_NAME = "$(TARGET_NAME)";
				SUPPORTED_PLATFORMS = "iphoneos iphonesimulator";
				SUPPORTS_MACCATALYST = NO;
				SUPPORTS_MAC_DESIGNED_FOR_IPHONE_IPAD = NO;
				SUPPORTS_XR_DESIGNED_FOR_IPHONE_IPAD = NO;
				SWIFT_EMIT_LOC_STRINGS = YES;
				SWIFT_VERSION = 5.0;
				TARGETED_DEVICE_FAMILY = 1;
			};
			name = Release;
		};
/* End XCBuildConfiguration section */

/* Begin XCConfigurationList section */
		E72EB2ED2BF84EC300237B58 /* Build configuration list for PBXProject "Thirtys" */ = {
			isa = XCConfigurationList;
			buildConfigurations = (
				E72EB3032BF84EC500237B58 /* Debug */,
				E72EB3042BF84EC500237B58 /* Release */,
			);
			defaultConfigurationIsVisible = 0;
			defaultConfigurationName = Release;
		};
		E72EB3052BF84EC500237B58 /* Build configuration list for PBXNativeTarget "Thirtys" */ = {
			isa = XCConfigurationList;
			buildConfigurations = (
				E72EB3062BF84EC500237B58 /* Debug */,
				E72EB3072BF84EC500237B58 /* Release */,
			);
			defaultConfigurationIsVisible = 0;
			defaultConfigurationName = Release;
		};
/* End XCConfigurationList section */

/* Begin XCVersionGroup section */
		E72EB3002BF84EC500237B58 /* Thirtys.xcdatamodeld */ = {
			isa = XCVersionGroup;
			children = (
				E72EB3012BF84EC500237B58 /* Thirtys.xcdatamodel */,
			);
			currentVersion = E72EB3012BF84EC500237B58 /* Thirtys.xcdatamodel */;
			path = Thirtys.xcdatamodeld;
			sourceTree = "<group>";
			versionGroupType = wrapper.xcdatamodel;
		};
/* End XCVersionGroup section */
	};
	rootObject = E72EB2EA2BF84EC300237B58 /* Project object */;
}
